
Microsoft Visual Studio Solution File, Format Version 12.00
# Visual Studio Version 17
VisualStudioVersion = 17.1.32210.238
MinimumVisualStudioVersion = 10.0.40219.1
Project("{9A19103F-16F7-4668-BE54-9A1E7A4F7556}") = "MetaFrm.Config.DefaultFactoryConfig(net6.0)", "MetaFrm.Config.DefaultFactoryConfig(net6.0)\MetaFrm.Config.DefaultFactoryConfig(net6.0).csproj", "{0EE5C575-841D-46EF-BB70-23A7F6C01862}"
EndProject
Project("{2150E333-8FDC-42A3-9474-1A3956D46DE8}") = "src", "src", "{BAEC61E1-A630-44DB-BF03-79AD0A2A07C9}"
	ProjectSection(SolutionItems) = preProject
		src\DefaultFactoryConfig.cs = src\DefaultFactoryConfig.cs
	EndProjectSection
EndProject
Project("{2150E333-8FDC-42A3-9474-1A3956D46DE8}") = ".github", ".github", "{8488BC33-55F4-4E5D-88C7-D604DCBFF6D6}"
EndProject
Project("{2150E333-8FDC-42A3-9474-1A3956D46DE8}") = "workflows", "workflows", "{417C4837-3C9C-42AD-B4E5-0DBDBB31CCB4}"
	ProjectSection(SolutionItems) = preProject
		.github\workflows\build.yml = .github\workflows\build.yml
	EndProjectSection
EndProject
Project("{2150E333-8FDC-42A3-9474-1A3956D46DE8}") = "솔루션 항목", "솔루션 항목", "{2C7A2EDB-1186-4A07-83F3-678CF744DCB1}"
	ProjectSection(SolutionItems) = preProject
		.gitignore = .gitignore
		LICENSE = LICENSE
		README.md = README.md
	EndProjectSection
EndProject
Global
	GlobalSection(SolutionConfigurationPlatforms) = preSolution
		Debug|Any CPU = Debug|Any CPU
		Release|Any CPU = Release|Any CPU
	EndGlobalSection
	GlobalSection(ProjectConfigurationPlatforms) = postSolution
		{0EE5C575-841D-46EF-BB70-23A7F6C01862}.Debug|Any CPU.ActiveCfg = Debug|Any CPU
		{0EE5C575-841D-46EF-BB70-23A7F6C01862}.Debug|Any CPU.Build.0 = Debug|Any CPU
		{0EE5C575-841D-46EF-BB70-23A7F6C01862}.Release|Any CPU.ActiveCfg = Release|Any CPU
		{0EE5C575-841D-46EF-BB70-23A7F6C01862}.Release|Any CPU.Build.0 = Release|Any CPU
	EndGlobalSection
	GlobalSection(SolutionProperties) = preSolution
		HideSolutionNode = FALSE
	EndGlobalSection
	GlobalSection(NestedProjects) = preSolution
		{417C4837-3C9C-42AD-B4E5-0DBDBB31CCB4} = {8488BC33-55F4-4E5D-88C7-D604DCBFF6D6}
	EndGlobalSection
	GlobalSection(ExtensibilityGlobals) = postSolution
		SolutionGuid = {0E789568-9F18-4797-9FB3-6CA406054CEE}
	EndGlobalSection
EndGlobal
